// !$*UTF8*$!
{
	archiveVersion = 1;
	classes = {
	};
	objectVersion = 55;
	objects = {

/* Begin PBXBuildFile section */
		FB00FFD82902DBDD00C51007 /* AppDelegate.swift in Sources */ = {isa = PBXBuildFile; fileRef = FB00FFD72902DBDD00C51007 /* AppDelegate.swift */; };
		FB00FFDA2902DBDD00C51007 /* SceneDelegate.swift in Sources */ = {isa = PBXBuildFile; fileRef = FB00FFD92902DBDD00C51007 /* SceneDelegate.swift */; };
		FB00FFDC2902DBDD00C51007 /* ViewController.swift in Sources */ = {isa = PBXBuildFile; fileRef = FB00FFDB2902DBDD00C51007 /* ViewController.swift */; };
		FB00FFDF2902DBDD00C51007 /* Main.storyboard in Resources */ = {isa = PBXBuildFile; fileRef = FB00FFDD2902DBDD00C51007 /* Main.storyboard */; };
		FB00FFE12902DBE000C51007 /* Assets.xcassets in Resources */ = {isa = PBXBuildFile; fileRef = FB00FFE02902DBE000C51007 /* Assets.xcassets */; };
		FB00FFE42902DBE000C51007 /* LaunchScreen.storyboard in Resources */ = {isa = PBXBuildFile; fileRef = FB00FFE22902DBE000C51007 /* LaunchScreen.storyboard */; };
		FB00FFEC2902DD7F00C51007 /* videoController.swift in Sources */ = {isa = PBXBuildFile; fileRef = FB00FFEB2902DD7F00C51007 /* videoController.swift */; };
		FBEC19702902E47F00BB1374 /* elmo-3-550x550.png in Resources */ = {isa = PBXBuildFile; fileRef = FBEC196F2902E47F00BB1374 /* elmo-3-550x550.png */; };
/* End PBXBuildFile section */

/* Begin PBXFileReference section */
		FB00FFD42902DBDC00C51007 /* multimediaApp.app */ = {isa = PBXFileReference; explicitFileType = wrapper.application; includeInIndex = 0; path = multimediaApp.app; sourceTree = BUILT_PRODUCTS_DIR; };
		FB00FFD72902DBDD00C51007 /* AppDelegate.swift */ = {isa = PBXFileReference; lastKnownFileType = sourcecode.swift; path = AppDelegate.swift; sourceTree = "<group>"; };
		FB00FFD92902DBDD00C51007 /* SceneDelegate.swift */ = {isa = PBXFileReference; lastKnownFileType = sourcecode.swift; path = SceneDelegate.swift; sourceTree = "<group>"; };
		FB00FFDB2902DBDD00C51007 /* ViewController.swift */ = {isa = PBXFileReference; lastKnownFileType = sourcecode.swift; path = ViewController.swift; sourceTree = "<group>"; };
		FB00FFDE2902DBDD00C51007 /* Base */ = {isa = PBXFileReference; lastKnownFileType = file.storyboard; name = Base; path = Base.lproj/Main.storyboard; sourceTree = "<group>"; };
		FB00FFE02902DBE000C51007 /* Assets.xcassets */ = {isa = PBXFileReference; lastKnownFileType = folder.assetcatalog; path = Assets.xcassets; sourceTree = "<group>"; };
		FB00FFE32902DBE000C51007 /* Base */ = {isa = PBXFileReference; lastKnownFileType = file.storyboard; name = Base; path = Base.lproj/LaunchScreen.storyboard; sourceTree = "<group>"; };
		FB00FFE52902DBE000C51007 /* Info.plist */ = {isa = PBXFileReference; lastKnownFileType = text.plist.xml; path = Info.plist; sourceTree = "<group>"; };
		FB00FFEB2902DD7F00C51007 /* videoController.swift */ = {isa = PBXFileReference; lastKnownFileType = sourcecode.swift; path = videoController.swift; sourceTree = "<group>"; };
		FB00FFED2902DEF800C51007 /* sample.m4v */ = {isa = PBXFileReference; lastKnownFileType = file; path = sample.m4v; sourceTree = "<group>"; };
		FBEC196F2902E47F00BB1374 /* elmo-3-550x550.png */ = {isa = PBXFileReference; lastKnownFileType = image.png; path = "elmo-3-550x550.png"; sourceTree = "<group>"; };
/* End PBXFileReference section */

/* Begin PBXFrameworksBuildPhase section */
		FB00FFD12902DBDC00C51007 /* Frameworks */ = {
			isa = PBXFrameworksBuildPhase;
			buildActionMask = 2147483647;
			files = (
			);
			runOnlyForDeploymentPostprocessing = 0;
		};
/* End PBXFrameworksBuildPhase section */

/* Begin PBXGroup section */
		FB00FFCB2902DBDC00C51007 = {
			isa = PBXGroup;
			children = (
				FB00FFD62902DBDC00C51007 /* multimediaApp */,
				FB00FFD52902DBDC00C51007 /* Products */,
			);
			sourceTree = "<group>";
		};
		FB00FFD52902DBDC00C51007 /* Products */ = {
			isa = PBXGroup;
			children = (
				FB00FFD42902DBDC00C51007 /* multimediaApp.app */,
			);
			name = Products;
			sourceTree = "<group>";
		};
		FB00FFD62902DBDC00C51007 /* multimediaApp */ = {
			isa = PBXGroup;
			children = (
				FB00FFED2902DEF800C51007 /* sample.m4v */,
				FBEC196F2902E47F00BB1374 /* elmo-3-550x550.png */,
				FB00FFD72902DBDD00C51007 /* AppDelegate.swift */,
				FB00FFD92902DBDD00C51007 /* SceneDelegate.swift */,
				FB00FFDB2902DBDD00C51007 /* ViewController.swift */,
				FB00FFEB2902DD7F00C51007 /* videoController.swift */,
				FB00FFDD2902DBDD00C51007 /* Main.storyboard */,
				FB00FFE02902DBE000C51007 /* Assets.xcassets */,
				FB00FFE22902DBE000C51007 /* LaunchScreen.storyboard */,
				FB00FFE52902DBE000C51007 /* Info.plist */,
			);
			path = multimediaApp;
			sourceTree = "<group>";
		};
/* End PBXGroup section */

/* Begin PBXNativeTarget section */
		FB00FFD32902DBDC00C51007 /* multimediaApp */ = {
			isa = PBXNativeTarget;
			buildConfigurationList = FB00FFE82902DBE000C51007 /* Build configuration list for PBXNativeTarget "multimediaApp" */;
			buildPhases = (
				FB00FFD02902DBDC00C51007 /* Sources */,
				FB00FFD12902DBDC00C51007 /* Frameworks */,
				FB00FFD22902DBDC00C51007 /* Resources */,
			);
			buildRules = (
			);
			dependencies = (
			);
			name = multimediaApp;
			productName = multimediaApp;
			productReference = FB00FFD42902DBDC00C51007 /* multimediaApp.app */;
			productType = "com.apple.product-type.application";
		};
/* End PBXNativeTarget section */

/* Begin PBXProject section */
		FB00FFCC2902DBDC00C51007 /* Project object */ = {
			isa = PBXProject;
			attributes = {
				BuildIndependentTargetsInParallel = 1;
				LastSwiftUpdateCheck = 1340;
				LastUpgradeCheck = 1340;
				TargetAttributes = {
					FB00FFD32902DBDC00C51007 = {
						CreatedOnToolsVersion = 13.4.1;
					};
				};
			};
			buildConfigurationList = FB00FFCF2902DBDC00C51007 /* Build configuration list for PBXProject "multimediaApp" */;
			compatibilityVersion = "Xcode 13.0";
			developmentRegion = en;
			hasScannedForEncodings = 0;
			knownRegions = (
				en,
				Base,
			);
			mainGroup = FB00FFCB2902DBDC00C51007;
			productRefGroup = FB00FFD52902DBDC00C51007 /* Products */;
			projectDirPath = "";
			projectRoot = "";
			targets = (
				FB00FFD32902DBDC00C51007 /* multimediaApp */,
			);
		};
/* End PBXProject section */

/* Begin PBXResourcesBuildPhase section */
		FB00FFD22902DBDC00C51007 /* Resources */ = {
			isa = PBXResourcesBuildPhase;
			buildActionMask = 2147483647;
			files = (
				FB00FFE42902DBE000C51007 /* LaunchScreen.storyboard in Resources */,
				FB00FFE12902DBE000C51007 /* Assets.xcassets in Resources */,
				FB00FFDF2902DBDD00C51007 /* Main.storyboard in Resources */,
				FBEC19702902E47F00BB1374 /* elmo-3-550x550.png in Resources */,
			);
			runOnlyForDeploymentPostprocessing = 0;
		};
/* End PBXResourcesBuildPhase section */

/* Begin PBXSourcesBuildPhase section */
		FB00FFD02902DBDC00C51007 /* Sources */ = {
			isa = PBXSourcesBuildPhase;
			buildActionMask = 2147483647;
			files = (
				FB00FFDC2902DBDD00C51007 /* ViewController.swift in Sources */,
				FB00FFD82902DBDD00C51007 /* AppDelegate.swift in Sources */,
				FB00FFDA2902DBDD00C51007 /* SceneDelegate.swift in Sources */,
				FB00FFEC2902DD7F00C51007 /* videoController.swift in Sources */,
			);
			runOnlyForDeploymentPostprocessing = 0;
		};
/* End PBXSourcesBuildPhase section */

/* Begin PBXVariantGroup section */
		FB00FFDD2902DBDD00C51007 /* Main.storyboard */ = {
			isa = PBXVariantGroup;
			children = (
				FB00FFDE2902DBDD00C51007 /* Base */,
			);
			name = Main.storyboard;
			sourceTree = "<group>";
		};
		FB00FFE22902DBE000C51007 /* LaunchScreen.storyboard */ = {
			isa = PBXVariantGroup;
			children = (
				FB00FFE32902DBE000C51007 /* Base */,
			);
			name = LaunchScreen.storyboard;
			sourceTree = "<group>";
		};
/* End PBXVariantGroup section */

/* Begin XCBuildConfiguration section */
		FB00FFE62902DBE000C51007 /* Debug */ = {
			isa = XCBuildConfiguration;
			buildSettings = {
				ALWAYS_SEARCH_USER_PATHS = NO;
				CLANG_ANALYZER_NONNULL = YES;
				CLANG_ANALYZER_NUMBER_OBJECT_CONVERSION = YES_AGGRESSIVE;
				CLANG_CXX_LANGUAGE_STANDARD = "gnu++17";
				CLANG_ENABLE_MODULES = YES;
				CLANG_ENABLE_OBJC_ARC = YES;
				CLANG_ENABLE_OBJC_WEAK = YES;
				CLANG_WARN_BLOCK_CAPTURE_AUTORELEASING = YES;
				CLANG_WARN_BOOL_CONVERSION = YES;
				CLANG_WARN_COMMA = YES;
				CLANG_WARN_CONSTANT_CONVERSION = YES;
				CLANG_WARN_DEPRECATED_OBJC_IMPLEMENTATIONS = YES;
				CLANG_WARN_DIRECT_OBJC_ISA_USAGE = YES_ERROR;
				CLANG_WARN_DOCUMENTATION_COMMENTS = YES;
				CLANG_WARN_EMPTY_BODY = YES;
				CLANG_WARN_ENUM_CONVERSION = YES;
				CLANG_WARN_INFINITE_RECURSION = YES;
				CLANG_WARN_INT_CONVERSION = YES;
				CLANG_WARN_NON_LITERAL_NULL_CONVERSION = YES;
				CLANG_WARN_OBJC_IMPLICIT_RETAIN_SELF = YES;
				CLANG_WARN_OBJC_LITERAL_CONVERSION = YES;
				CLANG_WARN_OBJC_ROOT_CLASS = YES_ERROR;
				CLANG_WARN_QUOTED_INCLUDE_IN_FRAMEWORK_HEADER = YES;
				CLANG_WARN_RANGE_LOOP_ANALYSIS = YES;
				CLANG_WARN_STRICT_PROTOTYPES = YES;
				CLANG_WARN_SUSPICIOUS_MOVE = YES;
				CLANG_WARN_UNGUARDED_AVAILABILITY = YES_AGGRESSIVE;
				CLANG_WARN_UNREACHABLE_CODE = YES;
				CLANG_WARN__DUPLICATE_METHOD_MATCH = YES;
				COPY_PHASE_STRIP = NO;
				DEBUG_INFORMATION_FORMAT = dwarf;
				ENABLE_STRICT_OBJC_MSGSEND = YES;
				ENABLE_TESTABILITY = YES;
				GCC_C_LANGUAGE_STANDARD = gnu11;
				GCC_DYNAMIC_NO_PIC = NO;
				GCC_NO_COMMON_BLOCKS = YES;
				GCC_OPTIMIZATION_LEVEL = 0;
				GCC_PREPROCESSOR_DEFINITIONS = (
					"DEBUG=1",
					"$(inherited)",
				);
				GCC_WARN_64_TO_32_BIT_CONVERSION = YES;
				GCC_WARN_ABOUT_RETURN_TYPE = YES_ERROR;
				GCC_WARN_UNDECLARED_SELECTOR = YES;
				GCC_WARN_UNINITIALIZED_AUTOS = YES_AGGRESSIVE;
				GCC_WARN_UNUSED_FUNCTION = YES;
				GCC_WARN_UNUSED_VARIABLE = YES;
				IPHONEOS_DEPLOYMENT_TARGET = 15.5;
				MTL_ENABLE_DEBUG_INFO = INCLUDE_SOURCE;
				MTL_FAST_MATH = YES;
				ONLY_ACTIVE_ARCH = YES;
				SDKROOT = iphoneos;
				SWIFT_ACTIVE_COMPILATION_CONDITIONS = DEBUG;
				SWIFT_OPTIMIZATION_LEVEL = "-Onone";
			};
			name = Debug;
		};
		FB00FFE72902DBE000C51007 /* Release */ = {
			isa = XCBuildConfiguration;
			buildSettings = {
				ALWAYS_SEARCH_USER_PATHS = NO;
				CLANG_ANALYZER_NONNULL = YES;
				CLANG_ANALYZER_NUMBER_OBJECT_CONVERSION = YES_AGGRESSIVE;
				CLANG_CXX_LANGUAGE_STANDARD = "gnu++17";
				CLANG_ENABLE_MODULES = YES;
				CLANG_ENABLE_OBJC_ARC = YES;
				CLANG_ENABLE_OBJC_WEAK = YES;
				CLANG_WARN_BLOCK_CAPTURE_AUTORELEASING = YES;
				CLANG_WARN_BOOL_CONVERSION = YES;
				CLANG_WARN_COMMA = YES;
				CLANG_WARN_CONSTANT_CONVERSION = YES;
				CLANG_WARN_DEPRECATED_OBJC_IMPLEMENTATIONS = YES;
				CLANG_WARN_DIRECT_OBJC_ISA_USAGE = YES_ERROR;
				CLANG_WARN_DOCUMENTATION_COMMENTS = YES;
				CLANG_WARN_EMPTY_BODY = YES;
				CLANG_WARN_ENUM_CONVERSION = YES;
				CLANG_WARN_INFINITE_RECURSION = YES;
				CLANG_WARN_INT_CONVERSION = YES;
				CLANG_WARN_NON_LITERAL_NULL_CONVERSION = YES;
				CLANG_WARN_OBJC_IMPLICIT_RETAIN_SELF = YES;
				CLANG_WARN_OBJC_LITERAL_CONVERSION = YES;
				CLANG_WARN_OBJC_ROOT_CLASS = YES_ERROR;
				CLANG_WARN_QUOTED_INCLUDE_IN_FRAMEWORK_HEADER = YES;
				CLANG_WARN_RANGE_LOOP_ANALYSIS = YES;
				CLANG_WARN_STRICT_PROTOTYPES = YES;
				CLANG_WARN_SUSPICIOUS_MOVE = YES;
				CLANG_WARN_UNGUARDED_AVAILABILITY = YES_AGGRESSIVE;
				CLANG_WARN_UNREACHABLE_CODE = YES;
				CLANG_WARN__DUPLICATE_METHOD_MATCH = YES;
				COPY_PHASE_STRIP = NO;
				DEBUG_INFORMATION_FORMAT = "dwarf-with-dsym";
				ENABLE_NS_ASSERTIONS = NO;
				ENABLE_STRICT_OBJC_MSGSEND = YES;
				GCC_C_LANGUAGE_STANDARD = gnu11;
				GCC_NO_COMMON_BLOCKS = YES;
				GCC_WARN_64_TO_32_BIT_CONVERSION = YES;
				GCC_WARN_ABOUT_RETURN_TYPE = YES_ERROR;
				GCC_WARN_UNDECLARED_SELECTOR = YES;
				GCC_WARN_UNINITIALIZED_AUTOS = YES_AGGRESSIVE;
				GCC_WARN_UNUSED_FUNCTION = YES;
				GCC_WARN_UNUSED_VARIABLE = YES;
				IPHONEOS_DEPLOYMENT_TARGET = 15.5;
				MTL_ENABLE_DEBUG_INFO = NO;
				MTL_FAST_MATH = YES;
				SDKROOT = iphoneos;
				SWIFT_COMPILATION_MODE = wholemodule;
				SWIFT_OPTIMIZATION_LEVEL = "-O";
				VALIDATE_PRODUCT = YES;
			};
			name = Release;
		};
		FB00FFE92902DBE000C51007 /* Debug */ = {
			isa = XCBuildConfiguration;
			buildSettings = {
				ASSETCATALOG_COMPILER_APPICON_NAME = AppIcon;
				ASSETCATALOG_COMPILER_GLOBAL_ACCENT_COLOR_NAME = AccentColor;
				CODE_SIGN_STYLE = Automatic;
				CURRENT_PROJECT_VERSION = 1;
				GENERATE_INFOPLIST_FILE = YES;
				INFOPLIST_FILE = multimediaApp/Info.plist;
				INFOPLIST_KEY_UIApplicationSupportsIndirectInputEvents = YES;
				INFOPLIST_KEY_UILaunchStoryboardName = LaunchScreen;
				INFOPLIST_KEY_UIMainStoryboardFile = Main;
				INFOPLIST_KEY_UISupportedInterfaceOrientations_iPad = "UIInterfaceOrientationPortrait UIInterfaceOrientationPortraitUpsideDown UIInterfaceOrientationLandscapeLeft UIInterfaceOrientationLandscapeRight";
				INFOPLIST_KEY_UISupportedInterfaceOrientations_iPhone = "UIInterfaceOrientationPortrait UIInterfaceOrientationLandscapeLeft UIInterfaceOrientationLandscapeRight";
				LD_RUNPATH_SEARCH_PATHS = (
					"$(inherited)",
					"@executable_path/Frameworks",
				);
				MARKETING_VERSION = 1.0;
				PRODUCT_BUNDLE_IDENTIFIER = mx.tec.multimediaApp;
				PRODUCT_NAME = "$(TARGET_NAME)";
				SWIFT_EMIT_LOC_STRINGS = YES;
				SWIFT_VERSION = 5.0;
				TARGETED_DEVICE_FAMILY = "1,2";
			};
			name = Debug;
		};
		FB00FFEA2902DBE000C51007 /* Release */ = {
			isa = XCBuildConfiguration;
			buildSettings = {
				ASSETCATALOG_COMPILER_APPICON_NAME = AppIcon;
				ASSETCATALOG_COMPILER_GLOBAL_ACCENT_COLOR_NAME = AccentColor;
				CODE_SIGN_STYLE = Automatic;
				CURRENT_PROJECT_VERSION = 1;
				GENERATE_INFOPLIST_FILE = YES;
				INFOPLIST_FILE = multimediaApp/Info.plist;
				INFOPLIST_KEY_UIApplicationSupportsIndirectInputEvents = YES;
				INFOPLIST_KEY_UILaunchStoryboardName = LaunchScreen;
				INFOPLIST_KEY_UIMainStoryboardFile = Main;
				INFOPLIST_KEY_UISupportedInterfaceOrientations_iPad = "UIInterfaceOrientationPortrait UIInterfaceOrientationPortraitUpsideDown UIInterfaceOrientationLandscapeLeft UIInterfaceOrientationLandscapeRight";
				INFOPLIST_KEY_UISupportedInterfaceOrientations_iPhone = "UIInterfaceOrientationPortrait UIInterfaceOrientationLandscapeLeft UIInterfaceOrientationLandscapeRight";
				LD_RUNPATH_SEARCH_PATHS = (
					"$(inherited)",
					"@executable_path/Frameworks",
				);
				MARKETING_VERSION = 1.0;
				PRODUCT_BUNDLE_IDENTIFIER = mx.tec.multimediaApp;
				PRODUCT_NAME = "$(TARGET_NAME)";
				SWIFT_EMIT_LOC_STRINGS = YES;
				SWIFT_VERSION = 5.0;
				TARGETED_DEVICE_FAMILY = "1,2";
			};
			name = Release;
		};
/* End XCBuildConfiguration section */

/* Begin XCConfigurationList section */
		FB00FFCF2902DBDC00C51007 /* Build configuration list for PBXProject "multimediaApp" */ = {
			isa = XCConfigurationList;
			buildConfigurations = (
				FB00FFE62902DBE000C51007 /* Debug */,
				FB00FFE72902DBE000C51007 /* Release */,
			);
			defaultConfigurationIsVisible = 0;
			defaultConfigurationName = Release;
		};
		FB00FFE82902DBE000C51007 /* Build configuration list for PBXNativeTarget "multimediaApp" */ = {
			isa = XCConfigurationList;
			buildConfigurations = (
				FB00FFE92902DBE000C51007 /* Debug */,
				FB00FFEA2902DBE000C51007 /* Release */,
			);
			defaultConfigurationIsVisible = 0;
			defaultConfigurationName = Release;
		};
/* End XCConfigurationList section */
	};
	rootObject = FB00FFCC2902DBDC00C51007 /* Project object */;
}
